
Microsoft Visual Studio Solution File, Format Version 12.00
# Visual Studio Version 17
VisualStudioVersion = 17.11.35327.3
MinimumVisualStudioVersion = 10.0.40219.1
Project("{FAE04EC0-301F-11D3-BF4B-00C04F79EFBC}") = "PhoneXchange.Web", "PhoneXchange.Web\PhoneXchange.Web.csproj", "{4F8E54ED-DBB5-4391-96BA-556534BDE34A}"
EndProject
Project("{2150E333-8FDC-42A3-9474-1A3956D46DE8}") = "Web", "Web", "{62B577AC-CF16-4623-A19B-9297D8A04043}"
EndProject
Project("{2150E333-8FDC-42A3-9474-1A3956D46DE8}") = "Services", "Services", "{3DE82426-FAD8-4C3E-B84B-0122A839D4E5}"
EndProject
Project("{2150E333-8FDC-42A3-9474-1A3956D46DE8}") = "Data", "Data", "{79221D07-CA03-4B5C-B906-213BBC7A1E7F}"
EndProject
Project("{2150E333-8FDC-42A3-9474-1A3956D46DE8}") = "Tests", "Tests", "{9D62981F-25DC-4FE0-B203-B1ED0295B8E2}"
EndProject
Project("{FAE04EC0-301F-11D3-BF4B-00C04F79EFBC}") = "PhoneXchange.Data", "PhoneXchange.Data\PhoneXchange.Data.csproj", "{BE850C23-1F21-4D17-BF7B-F856C8324948}"
EndProject
Project("{FAE04EC0-301F-11D3-BF4B-00C04F79EFBC}") = "PhoneXchange.Data.Common", "PhoneXchange.Data.Common\PhoneXchange.Data.Common.csproj", "{2C1AD4A9-EB32-415B-938D-61F385DCA539}"
EndProject
Project("{FAE04EC0-301F-11D3-BF4B-00C04F79EFBC}") = "PhoneXchange.Data.Models", "PhoneXchange.Data.Models\PhoneXchange.Data.Models.csproj", "{30E68081-C197-4DF2-A6A8-1EDD1B47D732}"
EndProject
Global
	GlobalSection(SolutionConfigurationPlatforms) = preSolution
		Debug|Any CPU = Debug|Any CPU
		Release|Any CPU = Release|Any CPU
	EndGlobalSection
	GlobalSection(ProjectConfigurationPlatforms) = postSolution
		{4F8E54ED-DBB5-4391-96BA-556534BDE34A}.Debug|Any CPU.ActiveCfg = Debug|Any CPU
		{4F8E54ED-DBB5-4391-96BA-556534BDE34A}.Debug|Any CPU.Build.0 = Debug|Any CPU
		{4F8E54ED-DBB5-4391-96BA-556534BDE34A}.Release|Any CPU.ActiveCfg = Release|Any CPU
		{4F8E54ED-DBB5-4391-96BA-556534BDE34A}.Release|Any CPU.Build.0 = Release|Any CPU
		{BE850C23-1F21-4D17-BF7B-F856C8324948}.Debug|Any CPU.ActiveCfg = Debug|Any CPU
		{BE850C23-1F21-4D17-BF7B-F856C8324948}.Debug|Any CPU.Build.0 = Debug|Any CPU
		{BE850C23-1F21-4D17-BF7B-F856C8324948}.Release|Any CPU.ActiveCfg = Release|Any CPU
		{BE850C23-1F21-4D17-BF7B-F856C8324948}.Release|Any CPU.Build.0 = Release|Any CPU
		{2C1AD4A9-EB32-415B-938D-61F385DCA539}.Debug|Any CPU.ActiveCfg = Debug|Any CPU
		{2C1AD4A9-EB32-415B-938D-61F385DCA539}.Debug|Any CPU.Build.0 = Debug|Any CPU
		{2C1AD4A9-EB32-415B-938D-61F385DCA539}.Release|Any CPU.ActiveCfg = Release|Any CPU
		{2C1AD4A9-EB32-415B-938D-61F385DCA539}.Release|Any CPU.Build.0 = Release|Any CPU
		{30E68081-C197-4DF2-A6A8-1EDD1B47D732}.Debug|Any CPU.ActiveCfg = Debug|Any CPU
		{30E68081-C197-4DF2-A6A8-1EDD1B47D732}.Debug|Any CPU.Build.0 = Debug|Any CPU
		{30E68081-C197-4DF2-A6A8-1EDD1B47D732}.Release|Any CPU.ActiveCfg = Release|Any CPU
		{30E68081-C197-4DF2-A6A8-1EDD1B47D732}.Release|Any CPU.Build.0 = Release|Any CPU
	EndGlobalSection
	GlobalSection(SolutionProperties) = preSolution
		HideSolutionNode = FALSE
	EndGlobalSection
	GlobalSection(NestedProjects) = preSolution
		{4F8E54ED-DBB5-4391-96BA-556534BDE34A} = {62B577AC-CF16-4623-A19B-9297D8A04043}
		{BE850C23-1F21-4D17-BF7B-F856C8324948} = {79221D07-CA03-4B5C-B906-213BBC7A1E7F}
		{2C1AD4A9-EB32-415B-938D-61F385DCA539} = {79221D07-CA03-4B5C-B906-213BBC7A1E7F}
		{30E68081-C197-4DF2-A6A8-1EDD1B47D732} = {79221D07-CA03-4B5C-B906-213BBC7A1E7F}
	EndGlobalSection
	GlobalSection(ExtensibilityGlobals) = postSolution
		SolutionGuid = {33A9629E-43FB-41C2-8C69-55F76BE67C6D}
	EndGlobalSection
EndGlobal
